
Microsoft Visual Studio Solution File, Format Version 12.00
# Visual Studio Version 16
VisualStudioVersion = 16.0.30406.217
MinimumVisualStudioVersion = 10.0.40219.1
Project("{9A19103F-16F7-4668-BE54-9A1E7A4F7556}") = "ConsoleApp1", "ConsoleApp1\ConsoleApp1.csproj", "{92258B78-FE07-4AE2-B80F-E7BD7945683E}"
EndProject
Project("{FAE04EC0-301F-11D3-BF4B-00C04F79EFBC}") = "Variables_and_such", "Variables and such\Variables_and_such.csproj", "{0A1F1DCD-BEC3-4B3A-AF71-A2DFA188C90B}"
EndProject
Project("{FAE04EC0-301F-11D3-BF4B-00C04F79EFBC}") = "ConditionalExcercise", "ConditionalExcercise\ConditionalExcercise.csproj", "{0355D9CC-4AB3-4D4F-A59C-A5C55DA8EE13}"
EndProject
Project("{FAE04EC0-301F-11D3-BF4B-00C04F79EFBC}") = "counting", "counting\counting.csproj", "{CFBB02B5-773E-4735-BF67-B2BA29D5B194}"
EndProject
Project("{FAE04EC0-301F-11D3-BF4B-00C04F79EFBC}") = "Loooping", "Loooping\Loooping.csproj", "{04133D2A-0193-4ECB-A38C-C91F80B9D99E}"
EndProject
Project("{FAE04EC0-301F-11D3-BF4B-00C04F79EFBC}") = "methods", "methods\methods.csproj", "{A0E646C7-09C5-43D4-BEF0-80DC793284B4}"
EndProject
Global
	GlobalSection(SolutionConfigurationPlatforms) = preSolution
		Debug|Any CPU = Debug|Any CPU
		Release|Any CPU = Release|Any CPU
	EndGlobalSection
	GlobalSection(ProjectConfigurationPlatforms) = postSolution
		{92258B78-FE07-4AE2-B80F-E7BD7945683E}.Debug|Any CPU.ActiveCfg = Debug|Any CPU
		{92258B78-FE07-4AE2-B80F-E7BD7945683E}.Debug|Any CPU.Build.0 = Debug|Any CPU
		{92258B78-FE07-4AE2-B80F-E7BD7945683E}.Release|Any CPU.ActiveCfg = Release|Any CPU
		{92258B78-FE07-4AE2-B80F-E7BD7945683E}.Release|Any CPU.Build.0 = Release|Any CPU
		{0A1F1DCD-BEC3-4B3A-AF71-A2DFA188C90B}.Debug|Any CPU.ActiveCfg = Debug|Any CPU
		{0A1F1DCD-BEC3-4B3A-AF71-A2DFA188C90B}.Debug|Any CPU.Build.0 = Debug|Any CPU
		{0A1F1DCD-BEC3-4B3A-AF71-A2DFA188C90B}.Release|Any CPU.ActiveCfg = Release|Any CPU
		{0A1F1DCD-BEC3-4B3A-AF71-A2DFA188C90B}.Release|Any CPU.Build.0 = Release|Any CPU
		{0355D9CC-4AB3-4D4F-A59C-A5C55DA8EE13}.Debug|Any CPU.ActiveCfg = Debug|Any CPU
		{0355D9CC-4AB3-4D4F-A59C-A5C55DA8EE13}.Debug|Any CPU.Build.0 = Debug|Any CPU
		{0355D9CC-4AB3-4D4F-A59C-A5C55DA8EE13}.Release|Any CPU.ActiveCfg = Release|Any CPU
		{0355D9CC-4AB3-4D4F-A59C-A5C55DA8EE13}.Release|Any CPU.Build.0 = Release|Any CPU
		{CFBB02B5-773E-4735-BF67-B2BA29D5B194}.Debug|Any CPU.ActiveCfg = Debug|Any CPU
		{CFBB02B5-773E-4735-BF67-B2BA29D5B194}.Debug|Any CPU.Build.0 = Debug|Any CPU
		{CFBB02B5-773E-4735-BF67-B2BA29D5B194}.Release|Any CPU.ActiveCfg = Release|Any CPU
		{CFBB02B5-773E-4735-BF67-B2BA29D5B194}.Release|Any CPU.Build.0 = Release|Any CPU
		{04133D2A-0193-4ECB-A38C-C91F80B9D99E}.Debug|Any CPU.ActiveCfg = Debug|Any CPU
		{04133D2A-0193-4ECB-A38C-C91F80B9D99E}.Debug|Any CPU.Build.0 = Debug|Any CPU
		{04133D2A-0193-4ECB-A38C-C91F80B9D99E}.Release|Any CPU.ActiveCfg = Release|Any CPU
		{04133D2A-0193-4ECB-A38C-C91F80B9D99E}.Release|Any CPU.Build.0 = Release|Any CPU
		{A0E646C7-09C5-43D4-BEF0-80DC793284B4}.Debug|Any CPU.ActiveCfg = Debug|Any CPU
		{A0E646C7-09C5-43D4-BEF0-80DC793284B4}.Debug|Any CPU.Build.0 = Debug|Any CPU
		{A0E646C7-09C5-43D4-BEF0-80DC793284B4}.Release|Any CPU.ActiveCfg = Release|Any CPU
		{A0E646C7-09C5-43D4-BEF0-80DC793284B4}.Release|Any CPU.Build.0 = Release|Any CPU
	EndGlobalSection
	GlobalSection(SolutionProperties) = preSolution
		HideSolutionNode = FALSE
	EndGlobalSection
	GlobalSection(ExtensibilityGlobals) = postSolution
		SolutionGuid = {A0663EB4-36D3-4F04-8050-32883B08EE72}
	EndGlobalSection
EndGlobal
